
Microsoft Visual Studio Solution File, Format Version 12.00
# Visual Studio Version 17
VisualStudioVersion = 17.4.33110.190
MinimumVisualStudioVersion = 10.0.40219.1
Project("{FAE04EC0-301F-11D3-BF4B-00C04F79EFBC}") = "HOL4", "HOL4\HOL4.csproj", "{738A0A85-8157-4DF7-890F-D70B51BB5013}"
EndProject
Global
	GlobalSection(SolutionConfigurationPlatforms) = preSolution
		Debug|Any CPU = Debug|Any CPU
		Release|Any CPU = Release|Any CPU
	EndGlobalSection
	GlobalSection(ProjectConfigurationPlatforms) = postSolution
		{738A0A85-8157-4DF7-890F-D70B51BB5013}.Debug|Any CPU.ActiveCfg = Debug|Any CPU
		{738A0A85-8157-4DF7-890F-D70B51BB5013}.Debug|Any CPU.Build.0 = Debug|Any CPU
		{738A0A85-8157-4DF7-890F-D70B51BB5013}.Release|Any CPU.ActiveCfg = Release|Any CPU
		{738A0A85-8157-4DF7-890F-D70B51BB5013}.Release|Any CPU.Build.0 = Release|Any CPU
	EndGlobalSection
	GlobalSection(SolutionProperties) = preSolution
		HideSolutionNode = FALSE
	EndGlobalSection
	GlobalSection(ExtensibilityGlobals) = postSolution
		SolutionGuid = {1692A684-9A40-442D-9EC1-E0E5B8B2E250}
	EndGlobalSection
EndGlobal
